{
  "requires": true,
  "lockfileVersion": 1,
  "dependencies": {
    "@editorjs/delimiter": {
      "version": "1.1.0",
      "resolved": "https://registry.npmjs.org/@editorjs/delimiter/-/delimiter-1.1.0.tgz",
      "integrity": "sha512-0G36vEvvb94g6nu/qs2rVjC/qjxLnY20OfOgxROKSOOXzS7xnkTij5raeIxRiYueeLL5fMrzrvtFH7wclfxF+g==",
      "dev": true
    },
    "@editorjs/header": {
      "version": "2.5.0",
      "resolved": "https://registry.npmjs.org/@editorjs/header/-/header-2.5.0.tgz",
      "integrity": "sha512-7j8g5/pjb7WtzjpANai/BoUK4QnZdNLt6Q4YRWL8xfLfUtN2M6zEfV11TuEh/l6eZlO0f/5vkXDFXDsbfeJfDA==",
      "dev": true
    },
    "@editorjs/image": {
      "version": "2.5.0",
      "resolved": "https://registry.npmjs.org/@editorjs/image/-/image-2.5.0.tgz",
      "integrity": "sha512-G03VvqydsU/E0REOMEE2zXql5R48jIRZdXrrR4EdPwOsWAYLrzwgudSOB815YBct9ln7/o6/je0+wjuXEencgA==",
      "dev": true
    },
    "@editorjs/list": {
      "version": "1.5.0",
      "resolved": "https://registry.npmjs.org/@editorjs/list/-/list-1.5.0.tgz",
      "integrity": "sha512-LzZuJwJ2HxCkuaPrp3zYdQGvMC8dzXjewqWEBZ9mpq0fVwBAse4o9QB2mWvJxZ93UtLqQE7f9vrbHotG2uW9Qg=="
    },
    "@editorjs/marker": {
      "version": "1.2.2",
      "resolved": "https://registry.npmjs.org/@editorjs/marker/-/marker-1.2.2.tgz",
      "integrity": "sha512-BN/IHbVKKahGnMAiBOV5U7XUjfF6JkIkTZ6qNLxtTr7PUPM8UsJV8G8pyll9CX+XRUYYZyokA2kEBHTS4vUyyw==",
      "dev": true
    },
    "@editorjs/paragraph": {
      "version": "2.7.0",
      "resolved": "https://registry.npmjs.org/@editorjs/paragraph/-/paragraph-2.7.0.tgz",
      "integrity": "sha512-br34Q7mtuLqMHXdR5t99ZDMd/F2ku5cuY4L9KJmRkrQWw7bIbSayHh0ajnYwXXbzzARtOZZUOlJxBjleyAVogw==",
      "dev": true
    },
    "@editorjs/quote": {
      "version": "2.3.0",
      "resolved": "https://registry.npmjs.org/@editorjs/quote/-/quote-2.3.0.tgz",
      "integrity": "sha512-B+4xEXMWiZki2EQDTJRnzMK8hNwpf7vGJtYIxfE4rOuXi5mke3xkKhrD7yPXcZYucVtCnfCVPOmFaQ3ZgiG2Qw==",
      "dev": true
    },
    "@editorjs/raw": {
      "version": "2.1.2",
      "resolved": "https://registry.npmjs.org/@editorjs/raw/-/raw-2.1.2.tgz",
      "integrity": "sha512-XgJkMfxcM+6jEyXzPi3kjR72XQAhWTc4dP6sV4sIhRyVAIucRULr4S6dXKtkcBf7Ci40lXqgdE9K16ggFrXVWQ==",
      "dev": true
    },
    "@editorjs/warning": {
      "version": "1.1.1",
      "resolved": "https://registry.npmjs.org/@editorjs/warning/-/warning-1.1.1.tgz",
      "integrity": "sha512-YIO9yEdJZMUeKPNrlwXIYmMzfBfKiXDhTgSh8JSAmh0XCV2rJfPWo9g2pgyD3g0Re/kclfbUVSfFLCBR0RsCtw==",
      "dev": true
    }
  }
}
